{
    "_meta": {
        "hash": {
            "sha256": "5682e8a03bbf3f1be0ef7dba0a90336987dcf393a2180772b06a3df5bbe05d2a"
        },
        "pipfile-spec": 6,
        "requires": {
            "python_version": "3.7"
        },
        "sources": [
            {
                "name": "pypi",
                "url": "https://pypi.org/simple",
                "verify_ssl": true
            }
        ]
    },
    "default": {
        "apscheduler": {
            "hashes": [
                "sha256:3bb5229eed6fbbdafc13ce962712ae66e175aa214c69bed35a06bffcf0c5e244",
                "sha256:e8b1ecdb4c7cb2818913f766d5898183c7cb8936680710a4d3a966e02262e526"
            ],
            "index": "pypi",
            "version": "==3.6.3"
        },
        "backports.zoneinfo": {
            "hashes": [
                "sha256:17746bd546106fa389c51dbea67c8b7c8f0d14b5526a579ca6ccf5ed72c526cf",
                "sha256:1b13e654a55cd45672cb54ed12148cd33628f672548f373963b0bff67b217328",
                "sha256:1c5742112073a563c81f786e77514969acb58649bcdf6cdf0b4ed31a348d4546",
                "sha256:4a0f800587060bf8880f954dbef70de6c11bbe59c673c3d818921f042f9954a6",
                "sha256:5c144945a7752ca544b4b78c8c41544cdfaf9786f25fe5ffb10e838e19a27570",
                "sha256:7b0a64cda4145548fed9efc10322770f929b944ce5cee6c0dfe0c87bf4c0c8c9",
                "sha256:8439c030a11780786a2002261569bdf362264f605dfa4d65090b64b05c9f79a7",
                "sha256:8961c0f32cd0336fb8e8ead11a1f8cd99ec07145ec2931122faaac1c8f7fd987",
                "sha256:89a48c0d158a3cc3f654da4c2de1ceba85263fafb861b98b59040a5086259722",
                "sha256:a76b38c52400b762e48131494ba26be363491ac4f9a04c1b7e92483d169f6582",
                "sha256:da6013fd84a690242c310d77ddb8441a559e9cb3d3d59ebac9aca1a57b2e18bc",
                "sha256:e55b384612d93be96506932a786bbcde5a2db7a9e6a4bb4bffe8b733f5b9036b",
                "sha256:e81b76cace8eda1fca50e345242ba977f9be6ae3945af8d46326d776b4cf78d1",
                "sha256:e8236383a20872c0cdf5a62b554b27538db7fa1bbec52429d8d106effbaeca08",
                "sha256:f04e857b59d9d1ccc39ce2da1021d196e47234873820cbeaad210724b1ee28ac",
                "sha256:fadbfe37f74051d024037f223b8e001611eac868b5c5b06144ef4d8b799862f2"
            ],
            "markers": "python_version < '3.9'",
            "version": "==0.2.1"
        },
        "certifi": {
            "hashes": [
                "sha256:35824b4c3a97115964b408844d64aa14db1cc518f6562e8d7261699d1350a9e3",
                "sha256:4ad3232f5e926d6718ec31cfc1fcadfde020920e278684144551c91769c7bc18"
            ],
            "index": "pypi",
            "version": "==2022.12.7"
        },
        "charset-normalizer": {
            "hashes": [
                "sha256:5a3d016c7c547f69d6f81fb0db9449ce888b418b5b9952cc5e6e66843e9dd845",
                "sha256:83e9a75d1911279afd89352c68b45348559d1fc0506b054b346651b5e7fee29f"
            ],
            "markers": "python_version >= '3.6'",
            "version": "==2.1.1"
        },
        "colorzero": {
            "hashes": [
                "sha256:0e60d743a6b8071498a56465f7719c96a5e92928f858bab1be2a0d606c9aa0f8",
                "sha256:e7d5a5c26cd0dc37b164ebefc609f388de24f8593b659191e12d85f8f9d5eb58"
            ],
            "version": "==2.0"
        },
        "dbus-python": {
            "hashes": [
                "sha256:11238f1d86c995d8aed2e22f04a1e3779f0d70e587caffeab4857f3c662ed5a4"
            ],
            "index": "pypi",
            "version": "==1.2.16"
        },
        "decorator": {
            "hashes": [
                "sha256:637996211036b6385ef91435e4fae22989472f9d571faba8927ba8253acbc330",
                "sha256:b8c3f85900b9dc423225913c5aace94729fe1fa9763b38939a95226f02d37186"
            ],
            "markers": "python_version >= '3.5'",
            "version": "==5.1.1"
        },
        "evento": {
            "hashes": [
                "sha256:093c054ae590b968c3c2c7852d02ddbaea25fc1305024f83dd636fcba3545871",
                "sha256:7a010c2a7d64b84dff06fb56a28d7e64b9234b15778bf96d526d6d839f181547"
            ],
            "version": "==1.0.2"
        },
        "gpiozero": {
            "hashes": [
                "sha256:101044038e71cec8be2fa841d4cea9e50e7962e9fb0287f465298b59e3f06594",
                "sha256:ae1a8dc4e6e793ffd8f900968f3290d218052c46347fa0c0503c65fabe422e4d"
            ],
            "index": "pypi",
            "version": "==1.5.1"
        },
        "idna": {
            "hashes": [
                "sha256:814f528e8dead7d329833b91c5faa87d60bf71824cd12a7530b5526063d02cb4",
                "sha256:90b77e79eaa3eba6de819a0c442c0b4ceefc341a7a2ab77d7562bf49f425c5c2"
            ],
            "markers": "python_version >= '3.5'",
            "version": "==3.4"
        },
        "iso-639": {
            "hashes": [
                "sha256:dc9cd4b880b898d774c47fe9775167404af8a85dd889d58f9008035109acce49"
            ],
            "version": "==0.4.5"
        },
        "iso3166": {
            "hashes": [
                "sha256:263660b36f8471c42acd1ff673d28a3715edbce7d24b1550d0cf010f6816c47f",
                "sha256:fcd551b8dda66b44e9f9e6d6bbbee3a1145a22447c0a556e5d0fb1ad1e491719"
            ],
            "markers": "python_version >= '3.6'",
            "version": "==2.1.1"
        },
        "isodate": {
            "hashes": [
                "sha256:0751eece944162659049d35f4f549ed815792b38793f07cf73381c1c87cbed96",
                "sha256:48c5881de7e8b0a0d648cb024c8062dc84e7b840ed81e864c7614fd3c127bde9"
            ],
            "version": "==0.6.1"
        },
        "omxplayer-wrapper": {
            "hashes": [
                "sha256:1c535bf15198b7172919dc806c5804503527723a0c4288bf50f6187997d5f50d",
                "sha256:8d01aa9d09d908c8af2144224e4a11d0e29f6552524306483b13cfa25f963a17"
            ],
            "index": "pypi",
            "version": "==0.3.2"
        },
        "pathlib2": {
            "hashes": [
                "sha256:5266a0fd000452f1b3467d782f079a4343c63aaa119221fbdc4e39577489ca5b",
                "sha256:9fe0edad898b83c0c3e199c842b27ed216645d2e177757b2dd67384d4113c641"
            ],
            "version": "==2.3.7.post1"
        },
        "pycryptodome": {
            "hashes": [
                "sha256:0198fe96c22f7bc31e7a7c27a26b2cec5af3cf6075d577295f4850856c77af32",
                "sha256:0e45d2d852a66ecfb904f090c3f87dc0dfb89a499570abad8590f10d9cffb350",
                "sha256:1047ac2b9847ae84ea454e6e20db7dcb755a81c1b1631a879213d2b0ad835ff2",
                "sha256:13b3e610a2f8938c61a90b20625069ab7a77ccea20d65a9a0f926cc0cc1314b1",
                "sha256:1fc16c80a5da8231fd1f953a7b8dfeb415f68120248e8d68383c5c2c4b18708c",
                "sha256:265bfcbbf20d58e6871ce695a7a08aac9b41a0553060d9c05363abd6f3391bdd",
                "sha256:2bf2a270906a02b7b255e1a0d7b3aea4f06b3983c51ddec1673c380e0dff5b30",
                "sha256:47c71a0347847b747ba1349767b16cde049bc36f21654eb09cc82306ef5fdcf8",
                "sha256:48d99869d58f3979d72f6fa0c50f48d16f14973bc4a3adb0ce3b8325fdd7e223",
                "sha256:4d950ed2a887905b3fa709b86be5a163e26e1b174703ed59d34eb6832f213222",
                "sha256:54d807314c66785c69cd25425933d4bd4c23547a593cdcf49d962fa3e0081336",
                "sha256:58172080cbfaee724067a3c017add6a1a3cc167bbc8478dc5f2e5f45fa658763",
                "sha256:5df582f2112dd72331de7e567837e136a9629181a8ab69ef8949e4bc294a0b99",
                "sha256:6016269bb56caf0327f6d42e7bad1247e08b78407446dff562240c65f85d5a5e",
                "sha256:63165fbdc247450017eb9ef04cfe15cb3a72ca48ffcc3a3b75b08c0340bf3647",
                "sha256:69adf32522b75968e1cbf25b5d83e87c04cd9a55610ce1e4a19012e58e7e4023",
                "sha256:856ebf822d08d754af62c22e2b93626509a72773214f92db1551e2b68d9e2a1b",
                "sha256:95069fd9e2813668a2713a1efcc65cc26d2c7e741401ac46628f1ec957511f1b",
                "sha256:b12a88566a98617b1a34b4e5a805dff2da98d83fc74262aff3c3d724d0f525d6",
                "sha256:c69e19afc734b2a17b9d78b7bcb544aabd5a52ff628e14283b6e9404d27d0517",
                "sha256:c82e3bc1e70dde153b0956bffe20a15715a1fe3e00bc23e88d6973eda4505944",
                "sha256:d1daec4d31bb00918e4e178297ac6ca6f86ec4c851ba584770533ece554d29e2",
                "sha256:d67a2d2fe344953e4572a7d30668cceb516b04287b8638170d562065e53ee2e0",
                "sha256:dab9359cc295160ba96738ba4912c675181c84bfdf413e5c0621cf00b7deeeaa",
                "sha256:e061311b02cefb17ea93d4a5eb1ad36dca4792037078b43e15a653a0a4478ead",
                "sha256:e750a21d8a265b1f9bfb1a28822995ea33511ba7db5e2b55f41fb30781d0d073"
            ],
            "markers": "python_version >= '2.7' and python_version not in '3.0, 3.1, 3.2, 3.3, 3.4'",
            "version": "==3.16.0"
        },
        "pysocks": {
            "hashes": [
                "sha256:08e69f092cc6dbe92a0fdd16eeb9b9ffbc13cadfe5ca4c7bd92ffb078b293299",
                "sha256:2725bd0a9925919b9b51739eea5f9e2bae91e83288108a9ad338b2e3a4435ee5",
                "sha256:3f8804571ebe159c380ac6de37643bb4685970655d3bba243530d6558b799aa0"
            ],
            "markers": "python_version >= '2.7' and python_version not in '3.0, 3.1, 3.2, 3.3'",
            "version": "==1.7.1"
        },
        "pytz": {
            "hashes": [
                "sha256:222439474e9c98fced559f1709d89e6c9cbf8d79c794ff3eb9f8800064291427",
                "sha256:e89512406b793ca39f5971bc999cc538ce125c0e51c27941bef4568b460095e2"
            ],
            "version": "==2022.6"
        },
        "pytz-deprecation-shim": {
            "hashes": [
                "sha256:8314c9692a636c8eb3bda879b9f119e350e93223ae83e70e80c31675a0fdc1a6",
                "sha256:af097bae1b616dde5c5744441e2ddc69e74dfdcb0c263129610d85b87445a59d"
            ],
            "markers": "python_version >= '2.7' and python_version not in '3.0, 3.1, 3.2, 3.3, 3.4, 3.5'",
            "version": "==0.1.0.post0"
        },
        "requests": {
            "hashes": [
                "sha256:7c5599b102feddaa661c826c56ab4fee28bfd17f5abca1ebbe3e7f19d7c97983",
                "sha256:8fefa2a1a1365bf5520aac41836fbee479da67864514bdb821f31ce07ce65349"
            ],
            "markers": "python_version >= '3.7' and python_version < '4'",
            "version": "==2.28.1"
        },
        "rpi.gpio": {
            "hashes": [
                "sha256:15311d3b063b71dee738cd26570effc9985a952454d162937c34e08c0fc99902",
                "sha256:26b2ade4bb353bbe5417a64e40b45cdf00a82f27c2d320c0dd46c59751959d77",
                "sha256:29226823da8b5ccb9001d795a944f2e00924eeae583490f0bc7317581172c624",
                "sha256:57b6c044ef5375a78c8dda27cdfadf329e76aa6943cd6cffbbbd345a9adf9ca5",
                "sha256:77afb817b81331ce3049a4b8f94a85e41b7c404d8e56b61ac0f1eb75c3120868",
                "sha256:96ea7e5bf6bf592828487bfa7d3d1d0e432d5d1682e9e33b4dab398914628fcd",
                "sha256:b86b66dc02faa5461b443a1e1f0c1d209d64ab5229696f32fb3b0215e0600c8c",
                "sha256:cd61c4b03c37b62bba4a5acfea9862749c33c618e0295e7e90aa4713fb373b70"
            ],
            "index": "pypi",
            "version": "==0.7.1"
        },
        "setuptools": {
            "hashes": [
                "sha256:57f6f22bde4e042978bcd50176fdb381d7c21a9efa4041202288d3737a0c6a54",
                "sha256:a7620757bf984b58deaf32fc8a4577a9bbc0850cf92c20e1ce41c38c19e5fb75"
            ],
            "markers": "python_version >= '3.7'",
            "version": "==65.6.3"
        },
        "six": {
            "hashes": [
                "sha256:1e61c37477a1626458e36f7b1d82aa5c9b094fa4802892072e49de9c60c4c926",
                "sha256:8abb2f1d86890a2dfb989f9a77cfcfd3e47c2a354b01111771326f8aa26e0254"
            ],
            "markers": "python_version >= '2.7' and python_version not in '3.0, 3.1, 3.2, 3.3'",
            "version": "==1.16.0"
        },
        "streamlink": {
            "hashes": [
                "sha256:04dad04b87cbb3f66c870f5d70984fe919d25766d600213c9e6f96995799de03",
                "sha256:0975ff22359cca541b194333227718858ea2631718790dcefcf7cd10520ef153",
                "sha256:72e20c55df5f86b3715209dcf70b3922a718af07abc043633489395e03f563c3",
                "sha256:dee047f688dc31429842ad29870ab19e63b292d73e79d709adcdbca1f278d432"
            ],
            "index": "pypi",
            "version": "==1.3.1"
        },
        "tzdata": {
            "hashes": [
                "sha256:2b88858b0e3120792a3c0635c23daf36a7d7eeeca657c323da299d2094402a0d",
                "sha256:fe5f866eddd8b96e9fcba978f8e503c909b19ea7efda11e52e39494bad3a7bfa"
            ],
            "markers": "python_version >= '3.6'",
            "version": "==2022.7"
        },
        "tzlocal": {
            "hashes": [
                "sha256:89885494684c929d9191c57aa27502afc87a579be5cdd3225c77c463ea043745",
                "sha256:ee5842fa3a795f023514ac2d801c4a81d1743bbe642e3940143326b3a00addd7"
            ],
            "markers": "python_version >= '3.6'",
            "version": "==4.2"
        },
        "urllib3": {
            "hashes": [
                "sha256:47cc05d99aaa09c9e72ed5809b60e7ba354e64b59c9c173ac3018642d8bb41fc",
                "sha256:c083dd0dce68dbfbe1129d5271cb90f9447dea7d52097c6e0126120c521ddea8"
            ],
            "markers": "python_version >= '2.7' and python_version not in '3.0, 3.1, 3.2, 3.3, 3.4, 3.5'",
            "version": "==1.26.13"
        },
        "websocket-client": {
            "hashes": [
                "sha256:d6b06432f184438d99ac1f456eaf22fe1ade524c3dd16e661142dc54e9cba574",
                "sha256:d6e8f90ca8e2dd4e8027c4561adeb9456b54044312dba655e7cae652ceb9ae59"
            ],
            "markers": "python_version >= '3.7'",
            "version": "==1.4.2"
        },
        "youtube-dl": {
            "hashes": [
                "sha256:3ba838c943744cd4f1669f74328b9c0f7814145b92dfcf59c3278caf8175886f",
                "sha256:82189f971fbe3f4b2e66a9aba7fb5bdd1b4b8c0876d7cd55382045f5555a5e44"
            ],
            "index": "pypi",
            "version": "==2020.1.24"
        }
    },
    "develop": {}
}
